
Microsoft Visual Studio Solution File, Format Version 12.00
# Visual Studio 2013
VisualStudioVersion = 12.0.31101.0
MinimumVisualStudioVersion = 10.0.40219.1
Project("{FAE04EC0-301F-11D3-BF4B-00C04F79EFBC}") = "GroceryShopper.XamarinUITest", "GroceryShopper.XamarinUITest\GroceryShopper.XamarinUITest.csproj", "{AA6F6E56-49C1-4EC4-BF5F-A38346BD2DA2}"
EndProject
Project("{2150E333-8FDC-42A3-9474-1A3956D46DE8}") = ".nuget", ".nuget", "{C6B25254-C369-419A-922F-9CDF956425F0}"
	ProjectSection(SolutionItems) = preProject
		.nuget\NuGet.Config = .nuget\NuGet.Config
		.nuget\NuGet.exe = .nuget\NuGet.exe
		.nuget\NuGet.targets = .nuget\NuGet.targets
	EndProjectSection
EndProject
Project("{FAE04EC0-301F-11D3-BF4B-00C04F79EFBC}") = "GroceryShopper.SpecflowXamarinUITest", "GroceryShopper.SpecflowXamarinUITest\GroceryShopper.SpecflowXamarinUITest.csproj", "{30976B60-2884-4662-8D64-1FADA0901822}"
EndProject
Project("{FAE04EC0-301F-11D3-BF4B-00C04F79EFBC}") = "GroceryShopper.Forms", "GroceryShopper.Forms\GroceryShopper.Forms\GroceryShopper.Forms.csproj", "{04EABC21-D90E-4C3F-9EA4-B40B40A987B3}"
EndProject
Project("{FAE04EC0-301F-11D3-BF4B-00C04F79EFBC}") = "GroceryShopper.Forms.iOS", "GroceryShopper.Forms\GroceryShopper.Forms.iOS\GroceryShopper.Forms.iOS.csproj", "{FDE69E32-179E-4698-8695-E95A807BDBF3}"
EndProject
Project("{FAE04EC0-301F-11D3-BF4B-00C04F79EFBC}") = "GroceryShopper.Forms.Droid", "GroceryShopper.Forms\GroceryShopper.Forms.Droid\GroceryShopper.Forms.Droid.csproj", "{D5D80E76-D582-49EB-BD2D-1077FFFEDC23}"
EndProject
Project("{2150E333-8FDC-42A3-9474-1A3956D46DE8}") = "Forms", "Forms", "{4892383E-2A9D-4618-9716-A9DBFE9C6ABE}"
EndProject
Project("{FAE04EC0-301F-11D3-BF4B-00C04F79EFBC}") = "GroceryShopper.Forms.WinPhone", "GroceryShopper.Forms.WinPhone\GroceryShopper.Forms.WinPhone.csproj", "{5121EAF8-516E-48A3-9A69-B12453A97445}"
EndProject
Project("{FAE04EC0-301F-11D3-BF4B-00C04F79EFBC}") = "GroceryShopper.Test", "GroceryShopper.Test\GroceryShopper.Test.csproj", "{0DC626EB-6845-4F35-941D-29A606EB888D}"
EndProject
Global
	GlobalSection(SolutionConfigurationPlatforms) = preSolution
		Ad-Hoc|Any CPU = Ad-Hoc|Any CPU
		Ad-Hoc|ARM = Ad-Hoc|ARM
		Ad-Hoc|iPhone = Ad-Hoc|iPhone
		Ad-Hoc|iPhoneSimulator = Ad-Hoc|iPhoneSimulator
		Ad-Hoc|Mixed Platforms = Ad-Hoc|Mixed Platforms
		Ad-Hoc|x86 = Ad-Hoc|x86
		AppStore|Any CPU = AppStore|Any CPU
		AppStore|ARM = AppStore|ARM
		AppStore|iPhone = AppStore|iPhone
		AppStore|iPhoneSimulator = AppStore|iPhoneSimulator
		AppStore|Mixed Platforms = AppStore|Mixed Platforms
		AppStore|x86 = AppStore|x86
		Debug|Any CPU = Debug|Any CPU
		Debug|ARM = Debug|ARM
		Debug|iPhone = Debug|iPhone
		Debug|iPhoneSimulator = Debug|iPhoneSimulator
		Debug|Mixed Platforms = Debug|Mixed Platforms
		Debug|x86 = Debug|x86
		Release|Any CPU = Release|Any CPU
		Release|ARM = Release|ARM
		Release|iPhone = Release|iPhone
		Release|iPhoneSimulator = Release|iPhoneSimulator
		Release|Mixed Platforms = Release|Mixed Platforms
		Release|x86 = Release|x86
	EndGlobalSection
	GlobalSection(ProjectConfigurationPlatforms) = postSolution
		{AA6F6E56-49C1-4EC4-BF5F-A38346BD2DA2}.Ad-Hoc|Any CPU.ActiveCfg = Release|Any CPU
		{AA6F6E56-49C1-4EC4-BF5F-A38346BD2DA2}.Ad-Hoc|Any CPU.Build.0 = Release|Any CPU
		{AA6F6E56-49C1-4EC4-BF5F-A38346BD2DA2}.Ad-Hoc|ARM.ActiveCfg = Debug|Any CPU
		{AA6F6E56-49C1-4EC4-BF5F-A38346BD2DA2}.Ad-Hoc|iPhone.ActiveCfg = Release|Any CPU
		{AA6F6E56-49C1-4EC4-BF5F-A38346BD2DA2}.Ad-Hoc|iPhoneSimulator.ActiveCfg = Release|Any CPU
		{AA6F6E56-49C1-4EC4-BF5F-A38346BD2DA2}.Ad-Hoc|Mixed Platforms.ActiveCfg = Release|Any CPU
		{AA6F6E56-49C1-4EC4-BF5F-A38346BD2DA2}.Ad-Hoc|Mixed Platforms.Build.0 = Release|Any CPU
		{AA6F6E56-49C1-4EC4-BF5F-A38346BD2DA2}.Ad-Hoc|x86.ActiveCfg = Debug|Any CPU
		{AA6F6E56-49C1-4EC4-BF5F-A38346BD2DA2}.AppStore|Any CPU.ActiveCfg = Release|Any CPU
		{AA6F6E56-49C1-4EC4-BF5F-A38346BD2DA2}.AppStore|Any CPU.Build.0 = Release|Any CPU
		{AA6F6E56-49C1-4EC4-BF5F-A38346BD2DA2}.AppStore|ARM.ActiveCfg = Debug|Any CPU
		{AA6F6E56-49C1-4EC4-BF5F-A38346BD2DA2}.AppStore|iPhone.ActiveCfg = Release|Any CPU
		{AA6F6E56-49C1-4EC4-BF5F-A38346BD2DA2}.AppStore|iPhoneSimulator.ActiveCfg = Release|Any CPU
		{AA6F6E56-49C1-4EC4-BF5F-A38346BD2DA2}.AppStore|Mixed Platforms.ActiveCfg = Release|Any CPU
		{AA6F6E56-49C1-4EC4-BF5F-A38346BD2DA2}.AppStore|Mixed Platforms.Build.0 = Release|Any CPU
		{AA6F6E56-49C1-4EC4-BF5F-A38346BD2DA2}.AppStore|x86.ActiveCfg = Debug|Any CPU
		{AA6F6E56-49C1-4EC4-BF5F-A38346BD2DA2}.Debug|Any CPU.ActiveCfg = Debug|Any CPU
		{AA6F6E56-49C1-4EC4-BF5F-A38346BD2DA2}.Debug|Any CPU.Build.0 = Debug|Any CPU
		{AA6F6E56-49C1-4EC4-BF5F-A38346BD2DA2}.Debug|ARM.ActiveCfg = Debug|Any CPU
		{AA6F6E56-49C1-4EC4-BF5F-A38346BD2DA2}.Debug|iPhone.ActiveCfg = Debug|Any CPU
		{AA6F6E56-49C1-4EC4-BF5F-A38346BD2DA2}.Debug|iPhoneSimulator.ActiveCfg = Debug|Any CPU
		{AA6F6E56-49C1-4EC4-BF5F-A38346BD2DA2}.Debug|Mixed Platforms.ActiveCfg = Debug|Any CPU
		{AA6F6E56-49C1-4EC4-BF5F-A38346BD2DA2}.Debug|Mixed Platforms.Build.0 = Debug|Any CPU
		{AA6F6E56-49C1-4EC4-BF5F-A38346BD2DA2}.Debug|x86.ActiveCfg = Debug|Any CPU
		{AA6F6E56-49C1-4EC4-BF5F-A38346BD2DA2}.Release|Any CPU.ActiveCfg = Release|Any CPU
		{AA6F6E56-49C1-4EC4-BF5F-A38346BD2DA2}.Release|Any CPU.Build.0 = Release|Any CPU
		{AA6F6E56-49C1-4EC4-BF5F-A38346BD2DA2}.Release|ARM.ActiveCfg = Release|Any CPU
		{AA6F6E56-49C1-4EC4-BF5F-A38346BD2DA2}.Release|iPhone.ActiveCfg = Release|Any CPU
		{AA6F6E56-49C1-4EC4-BF5F-A38346BD2DA2}.Release|iPhoneSimulator.ActiveCfg = Release|Any CPU
		{AA6F6E56-49C1-4EC4-BF5F-A38346BD2DA2}.Release|Mixed Platforms.ActiveCfg = Release|Any CPU
		{AA6F6E56-49C1-4EC4-BF5F-A38346BD2DA2}.Release|Mixed Platforms.Build.0 = Release|Any CPU
		{AA6F6E56-49C1-4EC4-BF5F-A38346BD2DA2}.Release|x86.ActiveCfg = Release|Any CPU
		{30976B60-2884-4662-8D64-1FADA0901822}.Ad-Hoc|Any CPU.ActiveCfg = Release|Any CPU
		{30976B60-2884-4662-8D64-1FADA0901822}.Ad-Hoc|Any CPU.Build.0 = Release|Any CPU
		{30976B60-2884-4662-8D64-1FADA0901822}.Ad-Hoc|ARM.ActiveCfg = Debug|Any CPU
		{30976B60-2884-4662-8D64-1FADA0901822}.Ad-Hoc|iPhone.ActiveCfg = Release|Any CPU
		{30976B60-2884-4662-8D64-1FADA0901822}.Ad-Hoc|iPhoneSimulator.ActiveCfg = Release|Any CPU
		{30976B60-2884-4662-8D64-1FADA0901822}.Ad-Hoc|Mixed Platforms.ActiveCfg = Release|Any CPU
		{30976B60-2884-4662-8D64-1FADA0901822}.Ad-Hoc|Mixed Platforms.Build.0 = Release|Any CPU
		{30976B60-2884-4662-8D64-1FADA0901822}.Ad-Hoc|x86.ActiveCfg = Debug|Any CPU
		{30976B60-2884-4662-8D64-1FADA0901822}.AppStore|Any CPU.ActiveCfg = Release|Any CPU
		{30976B60-2884-4662-8D64-1FADA0901822}.AppStore|Any CPU.Build.0 = Release|Any CPU
		{30976B60-2884-4662-8D64-1FADA0901822}.AppStore|ARM.ActiveCfg = Debug|Any CPU
		{30976B60-2884-4662-8D64-1FADA0901822}.AppStore|iPhone.ActiveCfg = Release|Any CPU
		{30976B60-2884-4662-8D64-1FADA0901822}.AppStore|iPhoneSimulator.ActiveCfg = Release|Any CPU
		{30976B60-2884-4662-8D64-1FADA0901822}.AppStore|Mixed Platforms.ActiveCfg = Release|Any CPU
		{30976B60-2884-4662-8D64-1FADA0901822}.AppStore|Mixed Platforms.Build.0 = Release|Any CPU
		{30976B60-2884-4662-8D64-1FADA0901822}.AppStore|x86.ActiveCfg = Debug|Any CPU
		{30976B60-2884-4662-8D64-1FADA0901822}.Debug|Any CPU.ActiveCfg = Debug|Any CPU
		{30976B60-2884-4662-8D64-1FADA0901822}.Debug|Any CPU.Build.0 = Debug|Any CPU
		{30976B60-2884-4662-8D64-1FADA0901822}.Debug|ARM.ActiveCfg = Debug|Any CPU
		{30976B60-2884-4662-8D64-1FADA0901822}.Debug|iPhone.ActiveCfg = Debug|Any CPU
		{30976B60-2884-4662-8D64-1FADA0901822}.Debug|iPhoneSimulator.ActiveCfg = Debug|Any CPU
		{30976B60-2884-4662-8D64-1FADA0901822}.Debug|Mixed Platforms.ActiveCfg = Debug|Any CPU
		{30976B60-2884-4662-8D64-1FADA0901822}.Debug|Mixed Platforms.Build.0 = Debug|Any CPU
		{30976B60-2884-4662-8D64-1FADA0901822}.Debug|x86.ActiveCfg = Debug|Any CPU
		{30976B60-2884-4662-8D64-1FADA0901822}.Release|Any CPU.ActiveCfg = Release|Any CPU
		{30976B60-2884-4662-8D64-1FADA0901822}.Release|Any CPU.Build.0 = Release|Any CPU
		{30976B60-2884-4662-8D64-1FADA0901822}.Release|ARM.ActiveCfg = Release|Any CPU
		{30976B60-2884-4662-8D64-1FADA0901822}.Release|iPhone.ActiveCfg = Release|Any CPU
		{30976B60-2884-4662-8D64-1FADA0901822}.Release|iPhoneSimulator.ActiveCfg = Release|Any CPU
		{30976B60-2884-4662-8D64-1FADA0901822}.Release|Mixed Platforms.ActiveCfg = Release|Any CPU
		{30976B60-2884-4662-8D64-1FADA0901822}.Release|Mixed Platforms.Build.0 = Release|Any CPU
		{30976B60-2884-4662-8D64-1FADA0901822}.Release|x86.ActiveCfg = Release|Any CPU
		{04EABC21-D90E-4C3F-9EA4-B40B40A987B3}.Ad-Hoc|Any CPU.ActiveCfg = Release|Any CPU
		{04EABC21-D90E-4C3F-9EA4-B40B40A987B3}.Ad-Hoc|Any CPU.Build.0 = Release|Any CPU
		{04EABC21-D90E-4C3F-9EA4-B40B40A987B3}.Ad-Hoc|ARM.ActiveCfg = Debug|Any CPU
		{04EABC21-D90E-4C3F-9EA4-B40B40A987B3}.Ad-Hoc|iPhone.ActiveCfg = Release|Any CPU
		{04EABC21-D90E-4C3F-9EA4-B40B40A987B3}.Ad-Hoc|iPhoneSimulator.ActiveCfg = Release|Any CPU
		{04EABC21-D90E-4C3F-9EA4-B40B40A987B3}.Ad-Hoc|Mixed Platforms.ActiveCfg = Release|Any CPU
		{04EABC21-D90E-4C3F-9EA4-B40B40A987B3}.Ad-Hoc|Mixed Platforms.Build.0 = Release|Any CPU
		{04EABC21-D90E-4C3F-9EA4-B40B40A987B3}.Ad-Hoc|x86.ActiveCfg = Debug|Any CPU
		{04EABC21-D90E-4C3F-9EA4-B40B40A987B3}.AppStore|Any CPU.ActiveCfg = Release|Any CPU
		{04EABC21-D90E-4C3F-9EA4-B40B40A987B3}.AppStore|Any CPU.Build.0 = Release|Any CPU
		{04EABC21-D90E-4C3F-9EA4-B40B40A987B3}.AppStore|ARM.ActiveCfg = Debug|Any CPU
		{04EABC21-D90E-4C3F-9EA4-B40B40A987B3}.AppStore|iPhone.ActiveCfg = Release|Any CPU
		{04EABC21-D90E-4C3F-9EA4-B40B40A987B3}.AppStore|iPhoneSimulator.ActiveCfg = Release|Any CPU
		{04EABC21-D90E-4C3F-9EA4-B40B40A987B3}.AppStore|Mixed Platforms.ActiveCfg = Release|Any CPU
		{04EABC21-D90E-4C3F-9EA4-B40B40A987B3}.AppStore|Mixed Platforms.Build.0 = Release|Any CPU
		{04EABC21-D90E-4C3F-9EA4-B40B40A987B3}.AppStore|x86.ActiveCfg = Debug|Any CPU
		{04EABC21-D90E-4C3F-9EA4-B40B40A987B3}.Debug|Any CPU.ActiveCfg = Debug|Any CPU
		{04EABC21-D90E-4C3F-9EA4-B40B40A987B3}.Debug|Any CPU.Build.0 = Debug|Any CPU
		{04EABC21-D90E-4C3F-9EA4-B40B40A987B3}.Debug|ARM.ActiveCfg = Debug|Any CPU
		{04EABC21-D90E-4C3F-9EA4-B40B40A987B3}.Debug|iPhone.ActiveCfg = Debug|Any CPU
		{04EABC21-D90E-4C3F-9EA4-B40B40A987B3}.Debug|iPhoneSimulator.ActiveCfg = Debug|Any CPU
		{04EABC21-D90E-4C3F-9EA4-B40B40A987B3}.Debug|Mixed Platforms.ActiveCfg = Debug|Any CPU
		{04EABC21-D90E-4C3F-9EA4-B40B40A987B3}.Debug|Mixed Platforms.Build.0 = Debug|Any CPU
		{04EABC21-D90E-4C3F-9EA4-B40B40A987B3}.Debug|x86.ActiveCfg = Debug|Any CPU
		{04EABC21-D90E-4C3F-9EA4-B40B40A987B3}.Release|Any CPU.ActiveCfg = Release|Any CPU
		{04EABC21-D90E-4C3F-9EA4-B40B40A987B3}.Release|Any CPU.Build.0 = Release|Any CPU
		{04EABC21-D90E-4C3F-9EA4-B40B40A987B3}.Release|ARM.ActiveCfg = Release|Any CPU
		{04EABC21-D90E-4C3F-9EA4-B40B40A987B3}.Release|iPhone.ActiveCfg = Release|Any CPU
		{04EABC21-D90E-4C3F-9EA4-B40B40A987B3}.Release|iPhoneSimulator.ActiveCfg = Release|Any CPU
		{04EABC21-D90E-4C3F-9EA4-B40B40A987B3}.Release|Mixed Platforms.ActiveCfg = Release|Any CPU
		{04EABC21-D90E-4C3F-9EA4-B40B40A987B3}.Release|Mixed Platforms.Build.0 = Release|Any CPU
		{04EABC21-D90E-4C3F-9EA4-B40B40A987B3}.Release|x86.ActiveCfg = Release|Any CPU
		{FDE69E32-179E-4698-8695-E95A807BDBF3}.Ad-Hoc|Any CPU.ActiveCfg = Ad-Hoc|iPhone
		{FDE69E32-179E-4698-8695-E95A807BDBF3}.Ad-Hoc|ARM.ActiveCfg = Ad-Hoc|iPhoneSimulator
		{FDE69E32-179E-4698-8695-E95A807BDBF3}.Ad-Hoc|iPhone.ActiveCfg = Ad-Hoc|iPhone
		{FDE69E32-179E-4698-8695-E95A807BDBF3}.Ad-Hoc|iPhone.Build.0 = Ad-Hoc|iPhone
		{FDE69E32-179E-4698-8695-E95A807BDBF3}.Ad-Hoc|iPhoneSimulator.ActiveCfg = Ad-Hoc|iPhoneSimulator
		{FDE69E32-179E-4698-8695-E95A807BDBF3}.Ad-Hoc|iPhoneSimulator.Build.0 = Ad-Hoc|iPhoneSimulator
		{FDE69E32-179E-4698-8695-E95A807BDBF3}.Ad-Hoc|Mixed Platforms.ActiveCfg = Ad-Hoc|iPhone
		{FDE69E32-179E-4698-8695-E95A807BDBF3}.Ad-Hoc|Mixed Platforms.Build.0 = Ad-Hoc|iPhone
		{FDE69E32-179E-4698-8695-E95A807BDBF3}.Ad-Hoc|x86.ActiveCfg = Ad-Hoc|iPhoneSimulator
		{FDE69E32-179E-4698-8695-E95A807BDBF3}.AppStore|Any CPU.ActiveCfg = AppStore|iPhone
		{FDE69E32-179E-4698-8695-E95A807BDBF3}.AppStore|ARM.ActiveCfg = AppStore|iPhoneSimulator
		{FDE69E32-179E-4698-8695-E95A807BDBF3}.AppStore|iPhone.ActiveCfg = AppStore|iPhone
		{FDE69E32-179E-4698-8695-E95A807BDBF3}.AppStore|iPhone.Build.0 = AppStore|iPhone
		{FDE69E32-179E-4698-8695-E95A807BDBF3}.AppStore|iPhoneSimulator.ActiveCfg = AppStore|iPhoneSimulator
		{FDE69E32-179E-4698-8695-E95A807BDBF3}.AppStore|iPhoneSimulator.Build.0 = AppStore|iPhoneSimulator
		{FDE69E32-179E-4698-8695-E95A807BDBF3}.AppStore|Mixed Platforms.ActiveCfg = AppStore|iPhone
		{FDE69E32-179E-4698-8695-E95A807BDBF3}.AppStore|Mixed Platforms.Build.0 = AppStore|iPhone
		{FDE69E32-179E-4698-8695-E95A807BDBF3}.AppStore|x86.ActiveCfg = AppStore|iPhoneSimulator
		{FDE69E32-179E-4698-8695-E95A807BDBF3}.Debug|Any CPU.ActiveCfg = Debug|iPhone
		{FDE69E32-179E-4698-8695-E95A807BDBF3}.Debug|ARM.ActiveCfg = Debug|iPhoneSimulator
		{FDE69E32-179E-4698-8695-E95A807BDBF3}.Debug|iPhone.ActiveCfg = Debug|iPhone
		{FDE69E32-179E-4698-8695-E95A807BDBF3}.Debug|iPhone.Build.0 = Debug|iPhone
		{FDE69E32-179E-4698-8695-E95A807BDBF3}.Debug|iPhoneSimulator.ActiveCfg = Debug|iPhoneSimulator
		{FDE69E32-179E-4698-8695-E95A807BDBF3}.Debug|iPhoneSimulator.Build.0 = Debug|iPhoneSimulator
		{FDE69E32-179E-4698-8695-E95A807BDBF3}.Debug|Mixed Platforms.ActiveCfg = Debug|iPhone
		{FDE69E32-179E-4698-8695-E95A807BDBF3}.Debug|Mixed Platforms.Build.0 = Debug|iPhone
		{FDE69E32-179E-4698-8695-E95A807BDBF3}.Debug|x86.ActiveCfg = Debug|iPhoneSimulator
		{FDE69E32-179E-4698-8695-E95A807BDBF3}.Release|Any CPU.ActiveCfg = Release|iPhone
		{FDE69E32-179E-4698-8695-E95A807BDBF3}.Release|ARM.ActiveCfg = Release|iPhoneSimulator
		{FDE69E32-179E-4698-8695-E95A807BDBF3}.Release|iPhone.ActiveCfg = Release|iPhone
		{FDE69E32-179E-4698-8695-E95A807BDBF3}.Release|iPhone.Build.0 = Release|iPhone
		{FDE69E32-179E-4698-8695-E95A807BDBF3}.Release|iPhoneSimulator.ActiveCfg = Release|iPhoneSimulator
		{FDE69E32-179E-4698-8695-E95A807BDBF3}.Release|iPhoneSimulator.Build.0 = Release|iPhoneSimulator
		{FDE69E32-179E-4698-8695-E95A807BDBF3}.Release|Mixed Platforms.ActiveCfg = Release|iPhone
		{FDE69E32-179E-4698-8695-E95A807BDBF3}.Release|Mixed Platforms.Build.0 = Release|iPhone
		{FDE69E32-179E-4698-8695-E95A807BDBF3}.Release|x86.ActiveCfg = Release|iPhoneSimulator
		{D5D80E76-D582-49EB-BD2D-1077FFFEDC23}.Ad-Hoc|Any CPU.ActiveCfg = Release|Any CPU
		{D5D80E76-D582-49EB-BD2D-1077FFFEDC23}.Ad-Hoc|Any CPU.Build.0 = Release|Any CPU
		{D5D80E76-D582-49EB-BD2D-1077FFFEDC23}.Ad-Hoc|Any CPU.Deploy.0 = Release|Any CPU
		{D5D80E76-D582-49EB-BD2D-1077FFFEDC23}.Ad-Hoc|ARM.ActiveCfg = Debug|Any CPU
		{D5D80E76-D582-49EB-BD2D-1077FFFEDC23}.Ad-Hoc|iPhone.ActiveCfg = Release|Any CPU
		{D5D80E76-D582-49EB-BD2D-1077FFFEDC23}.Ad-Hoc|iPhoneSimulator.ActiveCfg = Release|Any CPU
		{D5D80E76-D582-49EB-BD2D-1077FFFEDC23}.Ad-Hoc|Mixed Platforms.ActiveCfg = Release|Any CPU
		{D5D80E76-D582-49EB-BD2D-1077FFFEDC23}.Ad-Hoc|Mixed Platforms.Build.0 = Release|Any CPU
		{D5D80E76-D582-49EB-BD2D-1077FFFEDC23}.Ad-Hoc|Mixed Platforms.Deploy.0 = Release|Any CPU
		{D5D80E76-D582-49EB-BD2D-1077FFFEDC23}.Ad-Hoc|x86.ActiveCfg = Debug|Any CPU
		{D5D80E76-D582-49EB-BD2D-1077FFFEDC23}.AppStore|Any CPU.ActiveCfg = Release|Any CPU
		{D5D80E76-D582-49EB-BD2D-1077FFFEDC23}.AppStore|Any CPU.Build.0 = Release|Any CPU
		{D5D80E76-D582-49EB-BD2D-1077FFFEDC23}.AppStore|Any CPU.Deploy.0 = Release|Any CPU
		{D5D80E76-D582-49EB-BD2D-1077FFFEDC23}.AppStore|ARM.ActiveCfg = Debug|Any CPU
		{D5D80E76-D582-49EB-BD2D-1077FFFEDC23}.AppStore|iPhone.ActiveCfg = Release|Any CPU
		{D5D80E76-D582-49EB-BD2D-1077FFFEDC23}.AppStore|iPhoneSimulator.ActiveCfg = Release|Any CPU
		{D5D80E76-D582-49EB-BD2D-1077FFFEDC23}.AppStore|Mixed Platforms.ActiveCfg = Release|Any CPU
		{D5D80E76-D582-49EB-BD2D-1077FFFEDC23}.AppStore|Mixed Platforms.Build.0 = Release|Any CPU
		{D5D80E76-D582-49EB-BD2D-1077FFFEDC23}.AppStore|Mixed Platforms.Deploy.0 = Release|Any CPU
		{D5D80E76-D582-49EB-BD2D-1077FFFEDC23}.AppStore|x86.ActiveCfg = Debug|Any CPU
		{D5D80E76-D582-49EB-BD2D-1077FFFEDC23}.Debug|Any CPU.ActiveCfg = Debug|Any CPU
		{D5D80E76-D582-49EB-BD2D-1077FFFEDC23}.Debug|Any CPU.Build.0 = Debug|Any CPU
		{D5D80E76-D582-49EB-BD2D-1077FFFEDC23}.Debug|Any CPU.Deploy.0 = Debug|Any CPU
		{D5D80E76-D582-49EB-BD2D-1077FFFEDC23}.Debug|ARM.ActiveCfg = Debug|Any CPU
		{D5D80E76-D582-49EB-BD2D-1077FFFEDC23}.Debug|iPhone.ActiveCfg = Debug|Any CPU
		{D5D80E76-D582-49EB-BD2D-1077FFFEDC23}.Debug|iPhoneSimulator.ActiveCfg = Debug|Any CPU
		{D5D80E76-D582-49EB-BD2D-1077FFFEDC23}.Debug|Mixed Platforms.ActiveCfg = Debug|Any CPU
		{D5D80E76-D582-49EB-BD2D-1077FFFEDC23}.Debug|Mixed Platforms.Build.0 = Debug|Any CPU
		{D5D80E76-D582-49EB-BD2D-1077FFFEDC23}.Debug|Mixed Platforms.Deploy.0 = Debug|Any CPU
		{D5D80E76-D582-49EB-BD2D-1077FFFEDC23}.Debug|x86.ActiveCfg = Debug|Any CPU
		{D5D80E76-D582-49EB-BD2D-1077FFFEDC23}.Release|Any CPU.ActiveCfg = Release|Any CPU
		{D5D80E76-D582-49EB-BD2D-1077FFFEDC23}.Release|Any CPU.Build.0 = Release|Any CPU
		{D5D80E76-D582-49EB-BD2D-1077FFFEDC23}.Release|Any CPU.Deploy.0 = Release|Any CPU
		{D5D80E76-D582-49EB-BD2D-1077FFFEDC23}.Release|ARM.ActiveCfg = Release|Any CPU
		{D5D80E76-D582-49EB-BD2D-1077FFFEDC23}.Release|iPhone.ActiveCfg = Release|Any CPU
		{D5D80E76-D582-49EB-BD2D-1077FFFEDC23}.Release|iPhoneSimulator.ActiveCfg = Release|Any CPU
		{D5D80E76-D582-49EB-BD2D-1077FFFEDC23}.Release|Mixed Platforms.ActiveCfg = Release|Any CPU
		{D5D80E76-D582-49EB-BD2D-1077FFFEDC23}.Release|Mixed Platforms.Build.0 = Release|Any CPU
		{D5D80E76-D582-49EB-BD2D-1077FFFEDC23}.Release|Mixed Platforms.Deploy.0 = Release|Any CPU
		{D5D80E76-D582-49EB-BD2D-1077FFFEDC23}.Release|x86.ActiveCfg = Release|Any CPU
		{5121EAF8-516E-48A3-9A69-B12453A97445}.Ad-Hoc|Any CPU.ActiveCfg = Release|Any CPU
		{5121EAF8-516E-48A3-9A69-B12453A97445}.Ad-Hoc|ARM.ActiveCfg = Release|ARM
		{5121EAF8-516E-48A3-9A69-B12453A97445}.Ad-Hoc|iPhone.ActiveCfg = Release|Any CPU
		{5121EAF8-516E-48A3-9A69-B12453A97445}.Ad-Hoc|iPhoneSimulator.ActiveCfg = Release|Any CPU
		{5121EAF8-516E-48A3-9A69-B12453A97445}.Ad-Hoc|Mixed Platforms.ActiveCfg = Debug|x86
		{5121EAF8-516E-48A3-9A69-B12453A97445}.Ad-Hoc|x86.ActiveCfg = Debug|x86
		{5121EAF8-516E-48A3-9A69-B12453A97445}.AppStore|Any CPU.ActiveCfg = Release|Any CPU
		{5121EAF8-516E-48A3-9A69-B12453A97445}.AppStore|ARM.ActiveCfg = Release|ARM
		{5121EAF8-516E-48A3-9A69-B12453A97445}.AppStore|iPhone.ActiveCfg = Release|Any CPU
		{5121EAF8-516E-48A3-9A69-B12453A97445}.AppStore|iPhoneSimulator.ActiveCfg = Release|Any CPU
		{5121EAF8-516E-48A3-9A69-B12453A97445}.AppStore|Mixed Platforms.ActiveCfg = Debug|x86
		{5121EAF8-516E-48A3-9A69-B12453A97445}.AppStore|x86.ActiveCfg = Release|x86
		{5121EAF8-516E-48A3-9A69-B12453A97445}.AppStore|x86.Build.0 = Release|x86
		{5121EAF8-516E-48A3-9A69-B12453A97445}.AppStore|x86.Deploy.0 = Release|x86
		{5121EAF8-516E-48A3-9A69-B12453A97445}.Debug|Any CPU.ActiveCfg = Debug|Any CPU
		{5121EAF8-516E-48A3-9A69-B12453A97445}.Debug|Any CPU.Build.0 = Debug|Any CPU
		{5121EAF8-516E-48A3-9A69-B12453A97445}.Debug|Any CPU.Deploy.0 = Debug|Any CPU
		{5121EAF8-516E-48A3-9A69-B12453A97445}.Debug|ARM.ActiveCfg = Debug|ARM
		{5121EAF8-516E-48A3-9A69-B12453A97445}.Debug|ARM.Build.0 = Debug|ARM
		{5121EAF8-516E-48A3-9A69-B12453A97445}.Debug|ARM.Deploy.0 = Debug|ARM
		{5121EAF8-516E-48A3-9A69-B12453A97445}.Debug|iPhone.ActiveCfg = Debug|Any CPU
		{5121EAF8-516E-48A3-9A69-B12453A97445}.Debug|iPhoneSimulator.ActiveCfg = Debug|Any CPU
		{5121EAF8-516E-48A3-9A69-B12453A97445}.Debug|Mixed Platforms.ActiveCfg = Debug|x86
		{5121EAF8-516E-48A3-9A69-B12453A97445}.Debug|Mixed Platforms.Build.0 = Debug|x86
		{5121EAF8-516E-48A3-9A69-B12453A97445}.Debug|Mixed Platforms.Deploy.0 = Debug|x86
		{5121EAF8-516E-48A3-9A69-B12453A97445}.Debug|x86.ActiveCfg = Debug|x86
		{5121EAF8-516E-48A3-9A69-B12453A97445}.Debug|x86.Build.0 = Debug|x86
		{5121EAF8-516E-48A3-9A69-B12453A97445}.Debug|x86.Deploy.0 = Debug|x86
		{5121EAF8-516E-48A3-9A69-B12453A97445}.Release|Any CPU.ActiveCfg = Release|Any CPU
		{5121EAF8-516E-48A3-9A69-B12453A97445}.Release|Any CPU.Build.0 = Release|Any CPU
		{5121EAF8-516E-48A3-9A69-B12453A97445}.Release|Any CPU.Deploy.0 = Release|Any CPU
		{5121EAF8-516E-48A3-9A69-B12453A97445}.Release|ARM.ActiveCfg = Release|ARM
		{5121EAF8-516E-48A3-9A69-B12453A97445}.Release|ARM.Build.0 = Release|ARM
		{5121EAF8-516E-48A3-9A69-B12453A97445}.Release|ARM.Deploy.0 = Release|ARM
		{5121EAF8-516E-48A3-9A69-B12453A97445}.Release|iPhone.ActiveCfg = Release|Any CPU
		{5121EAF8-516E-48A3-9A69-B12453A97445}.Release|iPhoneSimulator.ActiveCfg = Release|Any CPU
		{5121EAF8-516E-48A3-9A69-B12453A97445}.Release|Mixed Platforms.ActiveCfg = Release|x86
		{5121EAF8-516E-48A3-9A69-B12453A97445}.Release|Mixed Platforms.Build.0 = Release|x86
		{5121EAF8-516E-48A3-9A69-B12453A97445}.Release|Mixed Platforms.Deploy.0 = Release|x86
		{5121EAF8-516E-48A3-9A69-B12453A97445}.Release|x86.ActiveCfg = Release|x86
		{5121EAF8-516E-48A3-9A69-B12453A97445}.Release|x86.Build.0 = Release|x86
		{5121EAF8-516E-48A3-9A69-B12453A97445}.Release|x86.Deploy.0 = Release|x86
		{0DC626EB-6845-4F35-941D-29A606EB888D}.Ad-Hoc|Any CPU.ActiveCfg = Release|Any CPU
		{0DC626EB-6845-4F35-941D-29A606EB888D}.Ad-Hoc|Any CPU.Build.0 = Release|Any CPU
		{0DC626EB-6845-4F35-941D-29A606EB888D}.Ad-Hoc|ARM.ActiveCfg = Debug|Any CPU
		{0DC626EB-6845-4F35-941D-29A606EB888D}.Ad-Hoc|iPhone.ActiveCfg = Release|Any CPU
		{0DC626EB-6845-4F35-941D-29A606EB888D}.Ad-Hoc|iPhoneSimulator.ActiveCfg = Release|Any CPU
		{0DC626EB-6845-4F35-941D-29A606EB888D}.Ad-Hoc|Mixed Platforms.ActiveCfg = Release|Any CPU
		{0DC626EB-6845-4F35-941D-29A606EB888D}.Ad-Hoc|Mixed Platforms.Build.0 = Release|Any CPU
		{0DC626EB-6845-4F35-941D-29A606EB888D}.Ad-Hoc|x86.ActiveCfg = Debug|Any CPU
		{0DC626EB-6845-4F35-941D-29A606EB888D}.AppStore|Any CPU.ActiveCfg = Release|Any CPU
		{0DC626EB-6845-4F35-941D-29A606EB888D}.AppStore|Any CPU.Build.0 = Release|Any CPU
		{0DC626EB-6845-4F35-941D-29A606EB888D}.AppStore|ARM.ActiveCfg = Debug|Any CPU
		{0DC626EB-6845-4F35-941D-29A606EB888D}.AppStore|iPhone.ActiveCfg = Release|Any CPU
		{0DC626EB-6845-4F35-941D-29A606EB888D}.AppStore|iPhoneSimulator.ActiveCfg = Release|Any CPU
		{0DC626EB-6845-4F35-941D-29A606EB888D}.AppStore|Mixed Platforms.ActiveCfg = Release|Any CPU
		{0DC626EB-6845-4F35-941D-29A606EB888D}.AppStore|Mixed Platforms.Build.0 = Release|Any CPU
		{0DC626EB-6845-4F35-941D-29A606EB888D}.AppStore|x86.ActiveCfg = Debug|Any CPU
		{0DC626EB-6845-4F35-941D-29A606EB888D}.Debug|Any CPU.ActiveCfg = Debug|Any CPU
		{0DC626EB-6845-4F35-941D-29A606EB888D}.Debug|Any CPU.Build.0 = Debug|Any CPU
		{0DC626EB-6845-4F35-941D-29A606EB888D}.Debug|ARM.ActiveCfg = Debug|Any CPU
		{0DC626EB-6845-4F35-941D-29A606EB888D}.Debug|iPhone.ActiveCfg = Debug|Any CPU
		{0DC626EB-6845-4F35-941D-29A606EB888D}.Debug|iPhoneSimulator.ActiveCfg = Debug|Any CPU
		{0DC626EB-6845-4F35-941D-29A606EB888D}.Debug|Mixed Platforms.ActiveCfg = Debug|Any CPU
		{0DC626EB-6845-4F35-941D-29A606EB888D}.Debug|Mixed Platforms.Build.0 = Debug|Any CPU
		{0DC626EB-6845-4F35-941D-29A606EB888D}.Debug|x86.ActiveCfg = Debug|Any CPU
		{0DC626EB-6845-4F35-941D-29A606EB888D}.Release|Any CPU.ActiveCfg = Release|Any CPU
		{0DC626EB-6845-4F35-941D-29A606EB888D}.Release|Any CPU.Build.0 = Release|Any CPU
		{0DC626EB-6845-4F35-941D-29A606EB888D}.Release|ARM.ActiveCfg = Release|Any CPU
		{0DC626EB-6845-4F35-941D-29A606EB888D}.Release|iPhone.ActiveCfg = Release|Any CPU
		{0DC626EB-6845-4F35-941D-29A606EB888D}.Release|iPhoneSimulator.ActiveCfg = Release|Any CPU
		{0DC626EB-6845-4F35-941D-29A606EB888D}.Release|Mixed Platforms.ActiveCfg = Release|Any CPU
		{0DC626EB-6845-4F35-941D-29A606EB888D}.Release|Mixed Platforms.Build.0 = Release|Any CPU
		{0DC626EB-6845-4F35-941D-29A606EB888D}.Release|x86.ActiveCfg = Release|Any CPU
	EndGlobalSection
	GlobalSection(SolutionProperties) = preSolution
		HideSolutionNode = FALSE
	EndGlobalSection
	GlobalSection(NestedProjects) = preSolution
		{04EABC21-D90E-4C3F-9EA4-B40B40A987B3} = {4892383E-2A9D-4618-9716-A9DBFE9C6ABE}
		{FDE69E32-179E-4698-8695-E95A807BDBF3} = {4892383E-2A9D-4618-9716-A9DBFE9C6ABE}
		{D5D80E76-D582-49EB-BD2D-1077FFFEDC23} = {4892383E-2A9D-4618-9716-A9DBFE9C6ABE}
		{5121EAF8-516E-48A3-9A69-B12453A97445} = {4892383E-2A9D-4618-9716-A9DBFE9C6ABE}
	EndGlobalSection
EndGlobal
