
Microsoft Visual Studio Solution File, Format Version 12.00
# Visual Studio 2012
Project("{FAE04EC0-301F-11D3-BF4B-00C04F79EFBC}") = "GroceryShopper.Droid", "GroceryShopper.Droid\GroceryShopper.Droid.csproj", "{86F85837-D619-4D95-A856-6CF666B8AE7A}"
EndProject
Project("{FAE04EC0-301F-11D3-BF4B-00C04F79EFBC}") = "GroceryShopper.Core", "GroceryShopper.Core\GroceryShopper.Core.csproj", "{4D277863-C2BD-44FB-B25D-603B572F7C35}"
EndProject
Project("{FAE04EC0-301F-11D3-BF4B-00C04F79EFBC}") = "GroceryShopper.XamarinUITest", "GroceryShopper.XamarinUITest\GroceryShopper.XamarinUITest.csproj", "{AA6F6E56-49C1-4EC4-BF5F-A38346BD2DA2}"
EndProject
Project("{2150E333-8FDC-42A3-9474-1A3956D46DE8}") = ".nuget", ".nuget", "{C6B25254-C369-419A-922F-9CDF956425F0}"
	ProjectSection(SolutionItems) = preProject
		.nuget\NuGet.Config = .nuget\NuGet.Config
		.nuget\NuGet.exe = .nuget\NuGet.exe
		.nuget\NuGet.targets = .nuget\NuGet.targets
	EndProjectSection
EndProject
Project("{FAE04EC0-301F-11D3-BF4B-00C04F79EFBC}") = "GroceryShopper.SpecflowXamarinUITest", "GroceryShopper.SpecflowXamarinUITest\GroceryShopper.SpecflowXamarinUITest.csproj", "{30976B60-2884-4662-8D64-1FADA0901822}"
EndProject
Project("{FAE04EC0-301F-11D3-BF4B-00C04F79EFBC}") = "GroceryShopper.Forms", "GroceryShopper.Forms\GroceryShopper.Forms\GroceryShopper.Forms.csproj", "{04EABC21-D90E-4C3F-9EA4-B40B40A987B3}"
EndProject
Project("{FAE04EC0-301F-11D3-BF4B-00C04F79EFBC}") = "GroceryShopper.Forms.iOS", "GroceryShopper.Forms\GroceryShopper.Forms.iOS\GroceryShopper.Forms.iOS.csproj", "{FDE69E32-179E-4698-8695-E95A807BDBF3}"
EndProject
Project("{FAE04EC0-301F-11D3-BF4B-00C04F79EFBC}") = "GroceryShopper.Forms.Droid", "GroceryShopper.Forms\GroceryShopper.Forms.Droid\GroceryShopper.Forms.Droid.csproj", "{D5D80E76-D582-49EB-BD2D-1077FFFEDC23}"
EndProject
Project("{2150E333-8FDC-42A3-9474-1A3956D46DE8}") = "Forms", "Forms", "{4892383E-2A9D-4618-9716-A9DBFE9C6ABE}"
EndProject
Global
	GlobalSection(SolutionConfigurationPlatforms) = preSolution
		Ad-Hoc|Any CPU = Ad-Hoc|Any CPU
		Ad-Hoc|iPhone = Ad-Hoc|iPhone
		Ad-Hoc|iPhoneSimulator = Ad-Hoc|iPhoneSimulator
		Ad-Hoc|Mixed Platforms = Ad-Hoc|Mixed Platforms
		AppStore|Any CPU = AppStore|Any CPU
		AppStore|iPhone = AppStore|iPhone
		AppStore|iPhoneSimulator = AppStore|iPhoneSimulator
		AppStore|Mixed Platforms = AppStore|Mixed Platforms
		Debug|Any CPU = Debug|Any CPU
		Debug|iPhone = Debug|iPhone
		Debug|iPhoneSimulator = Debug|iPhoneSimulator
		Debug|Mixed Platforms = Debug|Mixed Platforms
		Release|Any CPU = Release|Any CPU
		Release|iPhone = Release|iPhone
		Release|iPhoneSimulator = Release|iPhoneSimulator
		Release|Mixed Platforms = Release|Mixed Platforms
	EndGlobalSection
	GlobalSection(ProjectConfigurationPlatforms) = postSolution
		{86F85837-D619-4D95-A856-6CF666B8AE7A}.Ad-Hoc|Any CPU.ActiveCfg = Release|Any CPU
		{86F85837-D619-4D95-A856-6CF666B8AE7A}.Ad-Hoc|Any CPU.Build.0 = Release|Any CPU
		{86F85837-D619-4D95-A856-6CF666B8AE7A}.Ad-Hoc|Any CPU.Deploy.0 = Release|Any CPU
		{86F85837-D619-4D95-A856-6CF666B8AE7A}.Ad-Hoc|iPhone.ActiveCfg = Release|Any CPU
		{86F85837-D619-4D95-A856-6CF666B8AE7A}.Ad-Hoc|iPhoneSimulator.ActiveCfg = Release|Any CPU
		{86F85837-D619-4D95-A856-6CF666B8AE7A}.Ad-Hoc|Mixed Platforms.ActiveCfg = Release|Any CPU
		{86F85837-D619-4D95-A856-6CF666B8AE7A}.Ad-Hoc|Mixed Platforms.Build.0 = Release|Any CPU
		{86F85837-D619-4D95-A856-6CF666B8AE7A}.Ad-Hoc|Mixed Platforms.Deploy.0 = Release|Any CPU
		{86F85837-D619-4D95-A856-6CF666B8AE7A}.AppStore|Any CPU.ActiveCfg = Release|Any CPU
		{86F85837-D619-4D95-A856-6CF666B8AE7A}.AppStore|Any CPU.Build.0 = Release|Any CPU
		{86F85837-D619-4D95-A856-6CF666B8AE7A}.AppStore|Any CPU.Deploy.0 = Release|Any CPU
		{86F85837-D619-4D95-A856-6CF666B8AE7A}.AppStore|iPhone.ActiveCfg = Release|Any CPU
		{86F85837-D619-4D95-A856-6CF666B8AE7A}.AppStore|iPhoneSimulator.ActiveCfg = Release|Any CPU
		{86F85837-D619-4D95-A856-6CF666B8AE7A}.AppStore|Mixed Platforms.ActiveCfg = Release|Any CPU
		{86F85837-D619-4D95-A856-6CF666B8AE7A}.AppStore|Mixed Platforms.Build.0 = Release|Any CPU
		{86F85837-D619-4D95-A856-6CF666B8AE7A}.AppStore|Mixed Platforms.Deploy.0 = Release|Any CPU
		{86F85837-D619-4D95-A856-6CF666B8AE7A}.Debug|Any CPU.ActiveCfg = Debug|Any CPU
		{86F85837-D619-4D95-A856-6CF666B8AE7A}.Debug|iPhone.ActiveCfg = Debug|Any CPU
		{86F85837-D619-4D95-A856-6CF666B8AE7A}.Debug|iPhoneSimulator.ActiveCfg = Debug|Any CPU
		{86F85837-D619-4D95-A856-6CF666B8AE7A}.Debug|Mixed Platforms.ActiveCfg = Debug|Any CPU
		{86F85837-D619-4D95-A856-6CF666B8AE7A}.Debug|Mixed Platforms.Build.0 = Debug|Any CPU
		{86F85837-D619-4D95-A856-6CF666B8AE7A}.Debug|Mixed Platforms.Deploy.0 = Debug|Any CPU
		{86F85837-D619-4D95-A856-6CF666B8AE7A}.Release|Any CPU.ActiveCfg = Release|Any CPU
		{86F85837-D619-4D95-A856-6CF666B8AE7A}.Release|Any CPU.Build.0 = Release|Any CPU
		{86F85837-D619-4D95-A856-6CF666B8AE7A}.Release|Any CPU.Deploy.0 = Release|Any CPU
		{86F85837-D619-4D95-A856-6CF666B8AE7A}.Release|iPhone.ActiveCfg = Release|Any CPU
		{86F85837-D619-4D95-A856-6CF666B8AE7A}.Release|iPhoneSimulator.ActiveCfg = Release|Any CPU
		{86F85837-D619-4D95-A856-6CF666B8AE7A}.Release|Mixed Platforms.ActiveCfg = Release|Any CPU
		{86F85837-D619-4D95-A856-6CF666B8AE7A}.Release|Mixed Platforms.Build.0 = Release|Any CPU
		{86F85837-D619-4D95-A856-6CF666B8AE7A}.Release|Mixed Platforms.Deploy.0 = Release|Any CPU
		{4D277863-C2BD-44FB-B25D-603B572F7C35}.Ad-Hoc|Any CPU.ActiveCfg = Release|Any CPU
		{4D277863-C2BD-44FB-B25D-603B572F7C35}.Ad-Hoc|Any CPU.Build.0 = Release|Any CPU
		{4D277863-C2BD-44FB-B25D-603B572F7C35}.Ad-Hoc|iPhone.ActiveCfg = Release|Any CPU
		{4D277863-C2BD-44FB-B25D-603B572F7C35}.Ad-Hoc|iPhoneSimulator.ActiveCfg = Release|Any CPU
		{4D277863-C2BD-44FB-B25D-603B572F7C35}.Ad-Hoc|Mixed Platforms.ActiveCfg = Release|Any CPU
		{4D277863-C2BD-44FB-B25D-603B572F7C35}.Ad-Hoc|Mixed Platforms.Build.0 = Release|Any CPU
		{4D277863-C2BD-44FB-B25D-603B572F7C35}.AppStore|Any CPU.ActiveCfg = Release|Any CPU
		{4D277863-C2BD-44FB-B25D-603B572F7C35}.AppStore|Any CPU.Build.0 = Release|Any CPU
		{4D277863-C2BD-44FB-B25D-603B572F7C35}.AppStore|iPhone.ActiveCfg = Release|Any CPU
		{4D277863-C2BD-44FB-B25D-603B572F7C35}.AppStore|iPhoneSimulator.ActiveCfg = Release|Any CPU
		{4D277863-C2BD-44FB-B25D-603B572F7C35}.AppStore|Mixed Platforms.ActiveCfg = Release|Any CPU
		{4D277863-C2BD-44FB-B25D-603B572F7C35}.AppStore|Mixed Platforms.Build.0 = Release|Any CPU
		{4D277863-C2BD-44FB-B25D-603B572F7C35}.Debug|Any CPU.ActiveCfg = Debug|Any CPU
		{4D277863-C2BD-44FB-B25D-603B572F7C35}.Debug|Any CPU.Build.0 = Debug|Any CPU
		{4D277863-C2BD-44FB-B25D-603B572F7C35}.Debug|iPhone.ActiveCfg = Debug|Any CPU
		{4D277863-C2BD-44FB-B25D-603B572F7C35}.Debug|iPhoneSimulator.ActiveCfg = Debug|Any CPU
		{4D277863-C2BD-44FB-B25D-603B572F7C35}.Debug|Mixed Platforms.ActiveCfg = Debug|Any CPU
		{4D277863-C2BD-44FB-B25D-603B572F7C35}.Debug|Mixed Platforms.Build.0 = Debug|Any CPU
		{4D277863-C2BD-44FB-B25D-603B572F7C35}.Release|Any CPU.ActiveCfg = Release|Any CPU
		{4D277863-C2BD-44FB-B25D-603B572F7C35}.Release|Any CPU.Build.0 = Release|Any CPU
		{4D277863-C2BD-44FB-B25D-603B572F7C35}.Release|iPhone.ActiveCfg = Release|Any CPU
		{4D277863-C2BD-44FB-B25D-603B572F7C35}.Release|iPhoneSimulator.ActiveCfg = Release|Any CPU
		{4D277863-C2BD-44FB-B25D-603B572F7C35}.Release|Mixed Platforms.ActiveCfg = Release|Any CPU
		{4D277863-C2BD-44FB-B25D-603B572F7C35}.Release|Mixed Platforms.Build.0 = Release|Any CPU
		{AA6F6E56-49C1-4EC4-BF5F-A38346BD2DA2}.Ad-Hoc|Any CPU.ActiveCfg = Release|Any CPU
		{AA6F6E56-49C1-4EC4-BF5F-A38346BD2DA2}.Ad-Hoc|Any CPU.Build.0 = Release|Any CPU
		{AA6F6E56-49C1-4EC4-BF5F-A38346BD2DA2}.Ad-Hoc|iPhone.ActiveCfg = Release|Any CPU
		{AA6F6E56-49C1-4EC4-BF5F-A38346BD2DA2}.Ad-Hoc|iPhoneSimulator.ActiveCfg = Release|Any CPU
		{AA6F6E56-49C1-4EC4-BF5F-A38346BD2DA2}.Ad-Hoc|Mixed Platforms.ActiveCfg = Release|Any CPU
		{AA6F6E56-49C1-4EC4-BF5F-A38346BD2DA2}.Ad-Hoc|Mixed Platforms.Build.0 = Release|Any CPU
		{AA6F6E56-49C1-4EC4-BF5F-A38346BD2DA2}.AppStore|Any CPU.ActiveCfg = Release|Any CPU
		{AA6F6E56-49C1-4EC4-BF5F-A38346BD2DA2}.AppStore|Any CPU.Build.0 = Release|Any CPU
		{AA6F6E56-49C1-4EC4-BF5F-A38346BD2DA2}.AppStore|iPhone.ActiveCfg = Release|Any CPU
		{AA6F6E56-49C1-4EC4-BF5F-A38346BD2DA2}.AppStore|iPhoneSimulator.ActiveCfg = Release|Any CPU
		{AA6F6E56-49C1-4EC4-BF5F-A38346BD2DA2}.AppStore|Mixed Platforms.ActiveCfg = Release|Any CPU
		{AA6F6E56-49C1-4EC4-BF5F-A38346BD2DA2}.AppStore|Mixed Platforms.Build.0 = Release|Any CPU
		{AA6F6E56-49C1-4EC4-BF5F-A38346BD2DA2}.Debug|Any CPU.ActiveCfg = Debug|Any CPU
		{AA6F6E56-49C1-4EC4-BF5F-A38346BD2DA2}.Debug|Any CPU.Build.0 = Debug|Any CPU
		{AA6F6E56-49C1-4EC4-BF5F-A38346BD2DA2}.Debug|iPhone.ActiveCfg = Debug|Any CPU
		{AA6F6E56-49C1-4EC4-BF5F-A38346BD2DA2}.Debug|iPhoneSimulator.ActiveCfg = Debug|Any CPU
		{AA6F6E56-49C1-4EC4-BF5F-A38346BD2DA2}.Debug|Mixed Platforms.ActiveCfg = Debug|Any CPU
		{AA6F6E56-49C1-4EC4-BF5F-A38346BD2DA2}.Debug|Mixed Platforms.Build.0 = Debug|Any CPU
		{AA6F6E56-49C1-4EC4-BF5F-A38346BD2DA2}.Release|Any CPU.ActiveCfg = Release|Any CPU
		{AA6F6E56-49C1-4EC4-BF5F-A38346BD2DA2}.Release|Any CPU.Build.0 = Release|Any CPU
		{AA6F6E56-49C1-4EC4-BF5F-A38346BD2DA2}.Release|iPhone.ActiveCfg = Release|Any CPU
		{AA6F6E56-49C1-4EC4-BF5F-A38346BD2DA2}.Release|iPhoneSimulator.ActiveCfg = Release|Any CPU
		{AA6F6E56-49C1-4EC4-BF5F-A38346BD2DA2}.Release|Mixed Platforms.ActiveCfg = Release|Any CPU
		{AA6F6E56-49C1-4EC4-BF5F-A38346BD2DA2}.Release|Mixed Platforms.Build.0 = Release|Any CPU
		{30976B60-2884-4662-8D64-1FADA0901822}.Ad-Hoc|Any CPU.ActiveCfg = Release|Any CPU
		{30976B60-2884-4662-8D64-1FADA0901822}.Ad-Hoc|Any CPU.Build.0 = Release|Any CPU
		{30976B60-2884-4662-8D64-1FADA0901822}.Ad-Hoc|iPhone.ActiveCfg = Release|Any CPU
		{30976B60-2884-4662-8D64-1FADA0901822}.Ad-Hoc|iPhoneSimulator.ActiveCfg = Release|Any CPU
		{30976B60-2884-4662-8D64-1FADA0901822}.Ad-Hoc|Mixed Platforms.ActiveCfg = Release|Any CPU
		{30976B60-2884-4662-8D64-1FADA0901822}.Ad-Hoc|Mixed Platforms.Build.0 = Release|Any CPU
		{30976B60-2884-4662-8D64-1FADA0901822}.AppStore|Any CPU.ActiveCfg = Release|Any CPU
		{30976B60-2884-4662-8D64-1FADA0901822}.AppStore|Any CPU.Build.0 = Release|Any CPU
		{30976B60-2884-4662-8D64-1FADA0901822}.AppStore|iPhone.ActiveCfg = Release|Any CPU
		{30976B60-2884-4662-8D64-1FADA0901822}.AppStore|iPhoneSimulator.ActiveCfg = Release|Any CPU
		{30976B60-2884-4662-8D64-1FADA0901822}.AppStore|Mixed Platforms.ActiveCfg = Release|Any CPU
		{30976B60-2884-4662-8D64-1FADA0901822}.AppStore|Mixed Platforms.Build.0 = Release|Any CPU
		{30976B60-2884-4662-8D64-1FADA0901822}.Debug|Any CPU.ActiveCfg = Debug|Any CPU
		{30976B60-2884-4662-8D64-1FADA0901822}.Debug|Any CPU.Build.0 = Debug|Any CPU
		{30976B60-2884-4662-8D64-1FADA0901822}.Debug|iPhone.ActiveCfg = Debug|Any CPU
		{30976B60-2884-4662-8D64-1FADA0901822}.Debug|iPhoneSimulator.ActiveCfg = Debug|Any CPU
		{30976B60-2884-4662-8D64-1FADA0901822}.Debug|Mixed Platforms.ActiveCfg = Debug|Any CPU
		{30976B60-2884-4662-8D64-1FADA0901822}.Debug|Mixed Platforms.Build.0 = Debug|Any CPU
		{30976B60-2884-4662-8D64-1FADA0901822}.Release|Any CPU.ActiveCfg = Release|Any CPU
		{30976B60-2884-4662-8D64-1FADA0901822}.Release|Any CPU.Build.0 = Release|Any CPU
		{30976B60-2884-4662-8D64-1FADA0901822}.Release|iPhone.ActiveCfg = Release|Any CPU
		{30976B60-2884-4662-8D64-1FADA0901822}.Release|iPhoneSimulator.ActiveCfg = Release|Any CPU
		{30976B60-2884-4662-8D64-1FADA0901822}.Release|Mixed Platforms.ActiveCfg = Release|Any CPU
		{30976B60-2884-4662-8D64-1FADA0901822}.Release|Mixed Platforms.Build.0 = Release|Any CPU
		{04EABC21-D90E-4C3F-9EA4-B40B40A987B3}.Ad-Hoc|Any CPU.ActiveCfg = Release|Any CPU
		{04EABC21-D90E-4C3F-9EA4-B40B40A987B3}.Ad-Hoc|Any CPU.Build.0 = Release|Any CPU
		{04EABC21-D90E-4C3F-9EA4-B40B40A987B3}.Ad-Hoc|iPhone.ActiveCfg = Release|Any CPU
		{04EABC21-D90E-4C3F-9EA4-B40B40A987B3}.Ad-Hoc|iPhoneSimulator.ActiveCfg = Release|Any CPU
		{04EABC21-D90E-4C3F-9EA4-B40B40A987B3}.Ad-Hoc|Mixed Platforms.ActiveCfg = Release|Any CPU
		{04EABC21-D90E-4C3F-9EA4-B40B40A987B3}.Ad-Hoc|Mixed Platforms.Build.0 = Release|Any CPU
		{04EABC21-D90E-4C3F-9EA4-B40B40A987B3}.AppStore|Any CPU.ActiveCfg = Release|Any CPU
		{04EABC21-D90E-4C3F-9EA4-B40B40A987B3}.AppStore|Any CPU.Build.0 = Release|Any CPU
		{04EABC21-D90E-4C3F-9EA4-B40B40A987B3}.AppStore|iPhone.ActiveCfg = Release|Any CPU
		{04EABC21-D90E-4C3F-9EA4-B40B40A987B3}.AppStore|iPhoneSimulator.ActiveCfg = Release|Any CPU
		{04EABC21-D90E-4C3F-9EA4-B40B40A987B3}.AppStore|Mixed Platforms.ActiveCfg = Release|Any CPU
		{04EABC21-D90E-4C3F-9EA4-B40B40A987B3}.AppStore|Mixed Platforms.Build.0 = Release|Any CPU
		{04EABC21-D90E-4C3F-9EA4-B40B40A987B3}.Debug|Any CPU.ActiveCfg = Debug|Any CPU
		{04EABC21-D90E-4C3F-9EA4-B40B40A987B3}.Debug|Any CPU.Build.0 = Debug|Any CPU
		{04EABC21-D90E-4C3F-9EA4-B40B40A987B3}.Debug|iPhone.ActiveCfg = Debug|Any CPU
		{04EABC21-D90E-4C3F-9EA4-B40B40A987B3}.Debug|iPhoneSimulator.ActiveCfg = Debug|Any CPU
		{04EABC21-D90E-4C3F-9EA4-B40B40A987B3}.Debug|Mixed Platforms.ActiveCfg = Debug|Any CPU
		{04EABC21-D90E-4C3F-9EA4-B40B40A987B3}.Debug|Mixed Platforms.Build.0 = Debug|Any CPU
		{04EABC21-D90E-4C3F-9EA4-B40B40A987B3}.Release|Any CPU.ActiveCfg = Release|Any CPU
		{04EABC21-D90E-4C3F-9EA4-B40B40A987B3}.Release|Any CPU.Build.0 = Release|Any CPU
		{04EABC21-D90E-4C3F-9EA4-B40B40A987B3}.Release|iPhone.ActiveCfg = Release|Any CPU
		{04EABC21-D90E-4C3F-9EA4-B40B40A987B3}.Release|iPhoneSimulator.ActiveCfg = Release|Any CPU
		{04EABC21-D90E-4C3F-9EA4-B40B40A987B3}.Release|Mixed Platforms.ActiveCfg = Release|Any CPU
		{04EABC21-D90E-4C3F-9EA4-B40B40A987B3}.Release|Mixed Platforms.Build.0 = Release|Any CPU
		{FDE69E32-179E-4698-8695-E95A807BDBF3}.Ad-Hoc|Any CPU.ActiveCfg = Ad-Hoc|iPhone
		{FDE69E32-179E-4698-8695-E95A807BDBF3}.Ad-Hoc|iPhone.ActiveCfg = Ad-Hoc|iPhone
		{FDE69E32-179E-4698-8695-E95A807BDBF3}.Ad-Hoc|iPhone.Build.0 = Ad-Hoc|iPhone
		{FDE69E32-179E-4698-8695-E95A807BDBF3}.Ad-Hoc|iPhoneSimulator.ActiveCfg = Ad-Hoc|iPhoneSimulator
		{FDE69E32-179E-4698-8695-E95A807BDBF3}.Ad-Hoc|iPhoneSimulator.Build.0 = Ad-Hoc|iPhoneSimulator
		{FDE69E32-179E-4698-8695-E95A807BDBF3}.Ad-Hoc|Mixed Platforms.ActiveCfg = Ad-Hoc|iPhone
		{FDE69E32-179E-4698-8695-E95A807BDBF3}.Ad-Hoc|Mixed Platforms.Build.0 = Ad-Hoc|iPhone
		{FDE69E32-179E-4698-8695-E95A807BDBF3}.AppStore|Any CPU.ActiveCfg = AppStore|iPhone
		{FDE69E32-179E-4698-8695-E95A807BDBF3}.AppStore|iPhone.ActiveCfg = AppStore|iPhone
		{FDE69E32-179E-4698-8695-E95A807BDBF3}.AppStore|iPhone.Build.0 = AppStore|iPhone
		{FDE69E32-179E-4698-8695-E95A807BDBF3}.AppStore|iPhoneSimulator.ActiveCfg = AppStore|iPhoneSimulator
		{FDE69E32-179E-4698-8695-E95A807BDBF3}.AppStore|iPhoneSimulator.Build.0 = AppStore|iPhoneSimulator
		{FDE69E32-179E-4698-8695-E95A807BDBF3}.AppStore|Mixed Platforms.ActiveCfg = AppStore|iPhone
		{FDE69E32-179E-4698-8695-E95A807BDBF3}.AppStore|Mixed Platforms.Build.0 = AppStore|iPhone
		{FDE69E32-179E-4698-8695-E95A807BDBF3}.Debug|Any CPU.ActiveCfg = Debug|iPhone
		{FDE69E32-179E-4698-8695-E95A807BDBF3}.Debug|iPhone.ActiveCfg = Debug|iPhone
		{FDE69E32-179E-4698-8695-E95A807BDBF3}.Debug|iPhone.Build.0 = Debug|iPhone
		{FDE69E32-179E-4698-8695-E95A807BDBF3}.Debug|iPhoneSimulator.ActiveCfg = Debug|iPhoneSimulator
		{FDE69E32-179E-4698-8695-E95A807BDBF3}.Debug|iPhoneSimulator.Build.0 = Debug|iPhoneSimulator
		{FDE69E32-179E-4698-8695-E95A807BDBF3}.Debug|Mixed Platforms.ActiveCfg = Debug|iPhone
		{FDE69E32-179E-4698-8695-E95A807BDBF3}.Debug|Mixed Platforms.Build.0 = Debug|iPhone
		{FDE69E32-179E-4698-8695-E95A807BDBF3}.Release|Any CPU.ActiveCfg = Release|iPhone
		{FDE69E32-179E-4698-8695-E95A807BDBF3}.Release|iPhone.ActiveCfg = Release|iPhone
		{FDE69E32-179E-4698-8695-E95A807BDBF3}.Release|iPhone.Build.0 = Release|iPhone
		{FDE69E32-179E-4698-8695-E95A807BDBF3}.Release|iPhoneSimulator.ActiveCfg = Release|iPhoneSimulator
		{FDE69E32-179E-4698-8695-E95A807BDBF3}.Release|iPhoneSimulator.Build.0 = Release|iPhoneSimulator
		{FDE69E32-179E-4698-8695-E95A807BDBF3}.Release|Mixed Platforms.ActiveCfg = Release|iPhone
		{FDE69E32-179E-4698-8695-E95A807BDBF3}.Release|Mixed Platforms.Build.0 = Release|iPhone
		{D5D80E76-D582-49EB-BD2D-1077FFFEDC23}.Ad-Hoc|Any CPU.ActiveCfg = Release|Any CPU
		{D5D80E76-D582-49EB-BD2D-1077FFFEDC23}.Ad-Hoc|Any CPU.Build.0 = Release|Any CPU
		{D5D80E76-D582-49EB-BD2D-1077FFFEDC23}.Ad-Hoc|Any CPU.Deploy.0 = Release|Any CPU
		{D5D80E76-D582-49EB-BD2D-1077FFFEDC23}.Ad-Hoc|iPhone.ActiveCfg = Release|Any CPU
		{D5D80E76-D582-49EB-BD2D-1077FFFEDC23}.Ad-Hoc|iPhoneSimulator.ActiveCfg = Release|Any CPU
		{D5D80E76-D582-49EB-BD2D-1077FFFEDC23}.Ad-Hoc|Mixed Platforms.ActiveCfg = Release|Any CPU
		{D5D80E76-D582-49EB-BD2D-1077FFFEDC23}.Ad-Hoc|Mixed Platforms.Build.0 = Release|Any CPU
		{D5D80E76-D582-49EB-BD2D-1077FFFEDC23}.Ad-Hoc|Mixed Platforms.Deploy.0 = Release|Any CPU
		{D5D80E76-D582-49EB-BD2D-1077FFFEDC23}.AppStore|Any CPU.ActiveCfg = Release|Any CPU
		{D5D80E76-D582-49EB-BD2D-1077FFFEDC23}.AppStore|Any CPU.Build.0 = Release|Any CPU
		{D5D80E76-D582-49EB-BD2D-1077FFFEDC23}.AppStore|Any CPU.Deploy.0 = Release|Any CPU
		{D5D80E76-D582-49EB-BD2D-1077FFFEDC23}.AppStore|iPhone.ActiveCfg = Release|Any CPU
		{D5D80E76-D582-49EB-BD2D-1077FFFEDC23}.AppStore|iPhoneSimulator.ActiveCfg = Release|Any CPU
		{D5D80E76-D582-49EB-BD2D-1077FFFEDC23}.AppStore|Mixed Platforms.ActiveCfg = Release|Any CPU
		{D5D80E76-D582-49EB-BD2D-1077FFFEDC23}.AppStore|Mixed Platforms.Build.0 = Release|Any CPU
		{D5D80E76-D582-49EB-BD2D-1077FFFEDC23}.AppStore|Mixed Platforms.Deploy.0 = Release|Any CPU
		{D5D80E76-D582-49EB-BD2D-1077FFFEDC23}.Debug|Any CPU.ActiveCfg = Debug|Any CPU
		{D5D80E76-D582-49EB-BD2D-1077FFFEDC23}.Debug|Any CPU.Build.0 = Debug|Any CPU
		{D5D80E76-D582-49EB-BD2D-1077FFFEDC23}.Debug|Any CPU.Deploy.0 = Debug|Any CPU
		{D5D80E76-D582-49EB-BD2D-1077FFFEDC23}.Debug|iPhone.ActiveCfg = Debug|Any CPU
		{D5D80E76-D582-49EB-BD2D-1077FFFEDC23}.Debug|iPhoneSimulator.ActiveCfg = Debug|Any CPU
		{D5D80E76-D582-49EB-BD2D-1077FFFEDC23}.Debug|Mixed Platforms.ActiveCfg = Debug|Any CPU
		{D5D80E76-D582-49EB-BD2D-1077FFFEDC23}.Debug|Mixed Platforms.Build.0 = Debug|Any CPU
		{D5D80E76-D582-49EB-BD2D-1077FFFEDC23}.Debug|Mixed Platforms.Deploy.0 = Debug|Any CPU
		{D5D80E76-D582-49EB-BD2D-1077FFFEDC23}.Release|Any CPU.ActiveCfg = Release|Any CPU
		{D5D80E76-D582-49EB-BD2D-1077FFFEDC23}.Release|Any CPU.Build.0 = Release|Any CPU
		{D5D80E76-D582-49EB-BD2D-1077FFFEDC23}.Release|Any CPU.Deploy.0 = Release|Any CPU
		{D5D80E76-D582-49EB-BD2D-1077FFFEDC23}.Release|iPhone.ActiveCfg = Release|Any CPU
		{D5D80E76-D582-49EB-BD2D-1077FFFEDC23}.Release|iPhoneSimulator.ActiveCfg = Release|Any CPU
		{D5D80E76-D582-49EB-BD2D-1077FFFEDC23}.Release|Mixed Platforms.ActiveCfg = Release|Any CPU
		{D5D80E76-D582-49EB-BD2D-1077FFFEDC23}.Release|Mixed Platforms.Build.0 = Release|Any CPU
		{D5D80E76-D582-49EB-BD2D-1077FFFEDC23}.Release|Mixed Platforms.Deploy.0 = Release|Any CPU
	EndGlobalSection
	GlobalSection(SolutionProperties) = preSolution
		HideSolutionNode = FALSE
	EndGlobalSection
	GlobalSection(NestedProjects) = preSolution
		{04EABC21-D90E-4C3F-9EA4-B40B40A987B3} = {4892383E-2A9D-4618-9716-A9DBFE9C6ABE}
		{D5D80E76-D582-49EB-BD2D-1077FFFEDC23} = {4892383E-2A9D-4618-9716-A9DBFE9C6ABE}
		{FDE69E32-179E-4698-8695-E95A807BDBF3} = {4892383E-2A9D-4618-9716-A9DBFE9C6ABE}
	EndGlobalSection
EndGlobal
